
Microsoft Visual Studio Solution File, Format Version 12.00
# Visual Studio Version 17
VisualStudioVersion = 17.13.35913.81
MinimumVisualStudioVersion = 10.0.40219.1
Project("{FAE04EC0-301F-11D3-BF4B-00C04F79EFBC}") = "OrderService.API", "OrderService\OrderService.API\OrderService.API.csproj", "{6B017EF7-7B45-4A2D-8D1F-FB7230516E77}"
EndProject
Project("{FAE04EC0-301F-11D3-BF4B-00C04F79EFBC}") = "OrderService.Infrastructure", "OrderService\OrderService.Infrastructure\OrderService.Infrastructure.csproj", "{90B6401C-2F28-467D-851C-170538D775A4}"
EndProject
Project("{FAE04EC0-301F-11D3-BF4B-00C04F79EFBC}") = "OrderService.Domain", "OrderService\OrderService.Domain\OrderService.Domain.csproj", "{22427C13-8922-786F-A912-FF5D67196AD7}"
EndProject
Project("{FAE04EC0-301F-11D3-BF4B-00C04F79EFBC}") = "OrderService.Application", "OrderService\OrderService.Application\OrderService.Application.csproj", "{2D5EBA3E-C11F-417B-93DA-CFCBED3559F6}"
EndProject
Project("{FAE04EC0-301F-11D3-BF4B-00C04F79EFBC}") = "OrderService.Tests", "OrderService\OrderService.Tests\OrderService.Tests.csproj", "{06DA80D6-7C97-4342-B6DC-1FF5E157AA4E}"
EndProject
Global
	GlobalSection(SolutionConfigurationPlatforms) = preSolution
		Debug|Any CPU = Debug|Any CPU
		Release|Any CPU = Release|Any CPU
	EndGlobalSection
	GlobalSection(ProjectConfigurationPlatforms) = postSolution
		{6B017EF7-7B45-4A2D-8D1F-FB7230516E77}.Debug|Any CPU.ActiveCfg = Debug|Any CPU
		{6B017EF7-7B45-4A2D-8D1F-FB7230516E77}.Debug|Any CPU.Build.0 = Debug|Any CPU
		{6B017EF7-7B45-4A2D-8D1F-FB7230516E77}.Release|Any CPU.ActiveCfg = Release|Any CPU
		{6B017EF7-7B45-4A2D-8D1F-FB7230516E77}.Release|Any CPU.Build.0 = Release|Any CPU
		{90B6401C-2F28-467D-851C-170538D775A4}.Debug|Any CPU.ActiveCfg = Debug|Any CPU
		{90B6401C-2F28-467D-851C-170538D775A4}.Debug|Any CPU.Build.0 = Debug|Any CPU
		{90B6401C-2F28-467D-851C-170538D775A4}.Release|Any CPU.ActiveCfg = Release|Any CPU
		{90B6401C-2F28-467D-851C-170538D775A4}.Release|Any CPU.Build.0 = Release|Any CPU
		{22427C13-8922-786F-A912-FF5D67196AD7}.Debug|Any CPU.ActiveCfg = Debug|Any CPU
		{22427C13-8922-786F-A912-FF5D67196AD7}.Debug|Any CPU.Build.0 = Debug|Any CPU
		{22427C13-8922-786F-A912-FF5D67196AD7}.Release|Any CPU.ActiveCfg = Release|Any CPU
		{22427C13-8922-786F-A912-FF5D67196AD7}.Release|Any CPU.Build.0 = Release|Any CPU
		{2D5EBA3E-C11F-417B-93DA-CFCBED3559F6}.Debug|Any CPU.ActiveCfg = Debug|Any CPU
		{2D5EBA3E-C11F-417B-93DA-CFCBED3559F6}.Debug|Any CPU.Build.0 = Debug|Any CPU
		{2D5EBA3E-C11F-417B-93DA-CFCBED3559F6}.Release|Any CPU.ActiveCfg = Release|Any CPU
		{2D5EBA3E-C11F-417B-93DA-CFCBED3559F6}.Release|Any CPU.Build.0 = Release|Any CPU
		{06DA80D6-7C97-4342-B6DC-1FF5E157AA4E}.Debug|Any CPU.ActiveCfg = Debug|Any CPU
		{06DA80D6-7C97-4342-B6DC-1FF5E157AA4E}.Debug|Any CPU.Build.0 = Debug|Any CPU
		{06DA80D6-7C97-4342-B6DC-1FF5E157AA4E}.Release|Any CPU.ActiveCfg = Release|Any CPU
		{06DA80D6-7C97-4342-B6DC-1FF5E157AA4E}.Release|Any CPU.Build.0 = Release|Any CPU
	EndGlobalSection
	GlobalSection(SolutionProperties) = preSolution
		HideSolutionNode = FALSE
	EndGlobalSection
	GlobalSection(ExtensibilityGlobals) = postSolution
		SolutionGuid = {4097E6C3-882E-4D06-924C-C517F26FBF34}
	EndGlobalSection
EndGlobal
