
Microsoft Visual Studio Solution File, Format Version 12.00
# Visual Studio Version 17
VisualStudioVersion = 17.14.36414.22
MinimumVisualStudioVersion = 10.0.40219.1
Project("{FAE04EC0-301F-11D3-BF4B-00C04F79EFBC}") = "Shared.Contracts", "src\Shared\Shared.Contracts\Shared.Contracts.csproj", "{B38F96E0-BAF1-43F2-AA12-B17FD379C74A}"
EndProject
Project("{FAE04EC0-301F-11D3-BF4B-00C04F79EFBC}") = "InvoiceService.Domain", "src\InvoiceService\InvoiceService.Domain\InvoiceService.Domain.csproj", "{390E1EA7-5FC8-43C5-9349-6F74B4F42B31}"
EndProject
Project("{FAE04EC0-301F-11D3-BF4B-00C04F79EFBC}") = "InvoiceService.Application", "src\InvoiceService\InvoiceService.Application\InvoiceService.Application.csproj", "{13B0D1A6-32B3-4DCE-9A4C-2F74275F3FD9}"
EndProject
Project("{FAE04EC0-301F-11D3-BF4B-00C04F79EFBC}") = "InvoiceService.Infrastructure", "src\InvoiceService\InvoiceService.Infrastructure\InvoiceService.Infrastructure.csproj", "{6184932F-8564-422F-87BD-3B11B113C489}"
EndProject
Project("{FAE04EC0-301F-11D3-BF4B-00C04F79EFBC}") = "InvoiceService.API", "src\InvoiceService\InvoiceService.API\InvoiceService.API.csproj", "{234EFF2B-D786-42BC-B6CC-1A87A6EFC445}"
EndProject
Project("{FAE04EC0-301F-11D3-BF4B-00C04F79EFBC}") = "InvoiceSubscriber.Console", "src\Subscriber\InvoiceSubscriber.Console\InvoiceSubscriber.Console.csproj", "{6AAB992A-075C-49A8-AA4D-2CFAB7BB8D57}"
EndProject
Project("{2150E333-8FDC-42A3-9474-1A3956D46DE8}") = "tests", "tests", "{0AB3BF05-4346-4AA6-1389-037BE0695223}"
EndProject
Project("{FAE04EC0-301F-11D3-BF4B-00C04F79EFBC}") = "InvoiceService.Domain.Tests", "tests\InvoiceService.Domain.Tests\InvoiceService.Domain.Tests.csproj", "{64615F74-D3EA-42E7-9EC6-1CCD9C136B5A}"
EndProject
Project("{FAE04EC0-301F-11D3-BF4B-00C04F79EFBC}") = "InvoiceService.Application.UnitTests", "tests\InvoiceService.Application.UnitTests\InvoiceService.Application.UnitTests.csproj", "{AA480044-90C6-4158-A8AB-354C99898DF0}"
EndProject
Project("{FAE04EC0-301F-11D3-BF4B-00C04F79EFBC}") = "InvoiceService.Infrastructure.UnitTests", "tests\InvoiceService.Infrastructure.UnitTests\InvoiceService.Infrastructure.UnitTests.csproj", "{6B7C8D8E-8846-4FF2-80D1-3E4828CA9E48}"
EndProject
Project("{FAE04EC0-301F-11D3-BF4B-00C04F79EFBC}") = "InvoiceService.API.IntegrationTests", "tests\InvoiceService.API.IntegrationTests\InvoiceService.API.IntegrationTests.csproj", "{E18B1393-FE38-4596-BD42-83DE50D0AD34}"
EndProject
Project("{FAE04EC0-301F-11D3-BF4B-00C04F79EFBC}") = "InvoiceSubscriber.ConsumerTests", "tests\InvoiceSubscriber.ConsumerTests\InvoiceSubscriber.ConsumerTests.csproj", "{7BD2E93B-465D-4CF8-8121-346EBBBA0C24}"
EndProject
Project("{FAE04EC0-301F-11D3-BF4B-00C04F79EFBC}") = "InvoiceService.Infrastructure.Mongo", "src\InvoiceService\InvoiceService.Infrastructure.Mongo\InvoiceService.Infrastructure.Mongo.csproj", "{E832C40E-467B-2D75-B87A-1A5522E69602}"
EndProject
Global
	GlobalSection(SolutionConfigurationPlatforms) = preSolution
		Debug|Any CPU = Debug|Any CPU
		Debug|x64 = Debug|x64
		Debug|x86 = Debug|x86
		Release|Any CPU = Release|Any CPU
		Release|x64 = Release|x64
		Release|x86 = Release|x86
	EndGlobalSection
	GlobalSection(ProjectConfigurationPlatforms) = postSolution
		{B38F96E0-BAF1-43F2-AA12-B17FD379C74A}.Debug|Any CPU.ActiveCfg = Debug|Any CPU
		{B38F96E0-BAF1-43F2-AA12-B17FD379C74A}.Debug|Any CPU.Build.0 = Debug|Any CPU
		{B38F96E0-BAF1-43F2-AA12-B17FD379C74A}.Debug|x64.ActiveCfg = Debug|Any CPU
		{B38F96E0-BAF1-43F2-AA12-B17FD379C74A}.Debug|x64.Build.0 = Debug|Any CPU
		{B38F96E0-BAF1-43F2-AA12-B17FD379C74A}.Debug|x86.ActiveCfg = Debug|Any CPU
		{B38F96E0-BAF1-43F2-AA12-B17FD379C74A}.Debug|x86.Build.0 = Debug|Any CPU
		{B38F96E0-BAF1-43F2-AA12-B17FD379C74A}.Release|Any CPU.ActiveCfg = Release|Any CPU
		{B38F96E0-BAF1-43F2-AA12-B17FD379C74A}.Release|Any CPU.Build.0 = Release|Any CPU
		{B38F96E0-BAF1-43F2-AA12-B17FD379C74A}.Release|x64.ActiveCfg = Release|Any CPU
		{B38F96E0-BAF1-43F2-AA12-B17FD379C74A}.Release|x64.Build.0 = Release|Any CPU
		{B38F96E0-BAF1-43F2-AA12-B17FD379C74A}.Release|x86.ActiveCfg = Release|Any CPU
		{B38F96E0-BAF1-43F2-AA12-B17FD379C74A}.Release|x86.Build.0 = Release|Any CPU
		{390E1EA7-5FC8-43C5-9349-6F74B4F42B31}.Debug|Any CPU.ActiveCfg = Debug|Any CPU
		{390E1EA7-5FC8-43C5-9349-6F74B4F42B31}.Debug|Any CPU.Build.0 = Debug|Any CPU
		{390E1EA7-5FC8-43C5-9349-6F74B4F42B31}.Debug|x64.ActiveCfg = Debug|Any CPU
		{390E1EA7-5FC8-43C5-9349-6F74B4F42B31}.Debug|x64.Build.0 = Debug|Any CPU
		{390E1EA7-5FC8-43C5-9349-6F74B4F42B31}.Debug|x86.ActiveCfg = Debug|Any CPU
		{390E1EA7-5FC8-43C5-9349-6F74B4F42B31}.Debug|x86.Build.0 = Debug|Any CPU
		{390E1EA7-5FC8-43C5-9349-6F74B4F42B31}.Release|Any CPU.ActiveCfg = Release|Any CPU
		{390E1EA7-5FC8-43C5-9349-6F74B4F42B31}.Release|Any CPU.Build.0 = Release|Any CPU
		{390E1EA7-5FC8-43C5-9349-6F74B4F42B31}.Release|x64.ActiveCfg = Release|Any CPU
		{390E1EA7-5FC8-43C5-9349-6F74B4F42B31}.Release|x64.Build.0 = Release|Any CPU
		{390E1EA7-5FC8-43C5-9349-6F74B4F42B31}.Release|x86.ActiveCfg = Release|Any CPU
		{390E1EA7-5FC8-43C5-9349-6F74B4F42B31}.Release|x86.Build.0 = Release|Any CPU
		{13B0D1A6-32B3-4DCE-9A4C-2F74275F3FD9}.Debug|Any CPU.ActiveCfg = Debug|Any CPU
		{13B0D1A6-32B3-4DCE-9A4C-2F74275F3FD9}.Debug|Any CPU.Build.0 = Debug|Any CPU
		{13B0D1A6-32B3-4DCE-9A4C-2F74275F3FD9}.Debug|x64.ActiveCfg = Debug|Any CPU
		{13B0D1A6-32B3-4DCE-9A4C-2F74275F3FD9}.Debug|x64.Build.0 = Debug|Any CPU
		{13B0D1A6-32B3-4DCE-9A4C-2F74275F3FD9}.Debug|x86.ActiveCfg = Debug|Any CPU
		{13B0D1A6-32B3-4DCE-9A4C-2F74275F3FD9}.Debug|x86.Build.0 = Debug|Any CPU
		{13B0D1A6-32B3-4DCE-9A4C-2F74275F3FD9}.Release|Any CPU.ActiveCfg = Release|Any CPU
		{13B0D1A6-32B3-4DCE-9A4C-2F74275F3FD9}.Release|Any CPU.Build.0 = Release|Any CPU
		{13B0D1A6-32B3-4DCE-9A4C-2F74275F3FD9}.Release|x64.ActiveCfg = Release|Any CPU
		{13B0D1A6-32B3-4DCE-9A4C-2F74275F3FD9}.Release|x64.Build.0 = Release|Any CPU
		{13B0D1A6-32B3-4DCE-9A4C-2F74275F3FD9}.Release|x86.ActiveCfg = Release|Any CPU
		{13B0D1A6-32B3-4DCE-9A4C-2F74275F3FD9}.Release|x86.Build.0 = Release|Any CPU
		{6184932F-8564-422F-87BD-3B11B113C489}.Debug|Any CPU.ActiveCfg = Debug|Any CPU
		{6184932F-8564-422F-87BD-3B11B113C489}.Debug|Any CPU.Build.0 = Debug|Any CPU
		{6184932F-8564-422F-87BD-3B11B113C489}.Debug|x64.ActiveCfg = Debug|Any CPU
		{6184932F-8564-422F-87BD-3B11B113C489}.Debug|x64.Build.0 = Debug|Any CPU
		{6184932F-8564-422F-87BD-3B11B113C489}.Debug|x86.ActiveCfg = Debug|Any CPU
		{6184932F-8564-422F-87BD-3B11B113C489}.Debug|x86.Build.0 = Debug|Any CPU
		{6184932F-8564-422F-87BD-3B11B113C489}.Release|Any CPU.ActiveCfg = Release|Any CPU
		{6184932F-8564-422F-87BD-3B11B113C489}.Release|Any CPU.Build.0 = Release|Any CPU
		{6184932F-8564-422F-87BD-3B11B113C489}.Release|x64.ActiveCfg = Release|Any CPU
		{6184932F-8564-422F-87BD-3B11B113C489}.Release|x64.Build.0 = Release|Any CPU
		{6184932F-8564-422F-87BD-3B11B113C489}.Release|x86.ActiveCfg = Release|Any CPU
		{6184932F-8564-422F-87BD-3B11B113C489}.Release|x86.Build.0 = Release|Any CPU
		{234EFF2B-D786-42BC-B6CC-1A87A6EFC445}.Debug|Any CPU.ActiveCfg = Debug|Any CPU
		{234EFF2B-D786-42BC-B6CC-1A87A6EFC445}.Debug|Any CPU.Build.0 = Debug|Any CPU
		{234EFF2B-D786-42BC-B6CC-1A87A6EFC445}.Debug|x64.ActiveCfg = Debug|Any CPU
		{234EFF2B-D786-42BC-B6CC-1A87A6EFC445}.Debug|x64.Build.0 = Debug|Any CPU
		{234EFF2B-D786-42BC-B6CC-1A87A6EFC445}.Debug|x86.ActiveCfg = Debug|Any CPU
		{234EFF2B-D786-42BC-B6CC-1A87A6EFC445}.Debug|x86.Build.0 = Debug|Any CPU
		{234EFF2B-D786-42BC-B6CC-1A87A6EFC445}.Release|Any CPU.ActiveCfg = Release|Any CPU
		{234EFF2B-D786-42BC-B6CC-1A87A6EFC445}.Release|Any CPU.Build.0 = Release|Any CPU
		{234EFF2B-D786-42BC-B6CC-1A87A6EFC445}.Release|x64.ActiveCfg = Release|Any CPU
		{234EFF2B-D786-42BC-B6CC-1A87A6EFC445}.Release|x64.Build.0 = Release|Any CPU
		{234EFF2B-D786-42BC-B6CC-1A87A6EFC445}.Release|x86.ActiveCfg = Release|Any CPU
		{234EFF2B-D786-42BC-B6CC-1A87A6EFC445}.Release|x86.Build.0 = Release|Any CPU
		{6AAB992A-075C-49A8-AA4D-2CFAB7BB8D57}.Debug|Any CPU.ActiveCfg = Debug|Any CPU
		{6AAB992A-075C-49A8-AA4D-2CFAB7BB8D57}.Debug|Any CPU.Build.0 = Debug|Any CPU
		{6AAB992A-075C-49A8-AA4D-2CFAB7BB8D57}.Debug|x64.ActiveCfg = Debug|Any CPU
		{6AAB992A-075C-49A8-AA4D-2CFAB7BB8D57}.Debug|x64.Build.0 = Debug|Any CPU
		{6AAB992A-075C-49A8-AA4D-2CFAB7BB8D57}.Debug|x86.ActiveCfg = Debug|Any CPU
		{6AAB992A-075C-49A8-AA4D-2CFAB7BB8D57}.Debug|x86.Build.0 = Debug|Any CPU
		{6AAB992A-075C-49A8-AA4D-2CFAB7BB8D57}.Release|Any CPU.ActiveCfg = Release|Any CPU
		{6AAB992A-075C-49A8-AA4D-2CFAB7BB8D57}.Release|Any CPU.Build.0 = Release|Any CPU
		{6AAB992A-075C-49A8-AA4D-2CFAB7BB8D57}.Release|x64.ActiveCfg = Release|Any CPU
		{6AAB992A-075C-49A8-AA4D-2CFAB7BB8D57}.Release|x64.Build.0 = Release|Any CPU
		{6AAB992A-075C-49A8-AA4D-2CFAB7BB8D57}.Release|x86.ActiveCfg = Release|Any CPU
		{6AAB992A-075C-49A8-AA4D-2CFAB7BB8D57}.Release|x86.Build.0 = Release|Any CPU
		{64615F74-D3EA-42E7-9EC6-1CCD9C136B5A}.Debug|Any CPU.ActiveCfg = Debug|Any CPU
		{64615F74-D3EA-42E7-9EC6-1CCD9C136B5A}.Debug|Any CPU.Build.0 = Debug|Any CPU
		{64615F74-D3EA-42E7-9EC6-1CCD9C136B5A}.Debug|x64.ActiveCfg = Debug|Any CPU
		{64615F74-D3EA-42E7-9EC6-1CCD9C136B5A}.Debug|x64.Build.0 = Debug|Any CPU
		{64615F74-D3EA-42E7-9EC6-1CCD9C136B5A}.Debug|x86.ActiveCfg = Debug|Any CPU
		{64615F74-D3EA-42E7-9EC6-1CCD9C136B5A}.Debug|x86.Build.0 = Debug|Any CPU
		{64615F74-D3EA-42E7-9EC6-1CCD9C136B5A}.Release|Any CPU.ActiveCfg = Release|Any CPU
		{64615F74-D3EA-42E7-9EC6-1CCD9C136B5A}.Release|Any CPU.Build.0 = Release|Any CPU
		{64615F74-D3EA-42E7-9EC6-1CCD9C136B5A}.Release|x64.ActiveCfg = Release|Any CPU
		{64615F74-D3EA-42E7-9EC6-1CCD9C136B5A}.Release|x64.Build.0 = Release|Any CPU
		{64615F74-D3EA-42E7-9EC6-1CCD9C136B5A}.Release|x86.ActiveCfg = Release|Any CPU
		{64615F74-D3EA-42E7-9EC6-1CCD9C136B5A}.Release|x86.Build.0 = Release|Any CPU
		{AA480044-90C6-4158-A8AB-354C99898DF0}.Debug|Any CPU.ActiveCfg = Debug|Any CPU
		{AA480044-90C6-4158-A8AB-354C99898DF0}.Debug|Any CPU.Build.0 = Debug|Any CPU
		{AA480044-90C6-4158-A8AB-354C99898DF0}.Debug|x64.ActiveCfg = Debug|Any CPU
		{AA480044-90C6-4158-A8AB-354C99898DF0}.Debug|x64.Build.0 = Debug|Any CPU
		{AA480044-90C6-4158-A8AB-354C99898DF0}.Debug|x86.ActiveCfg = Debug|Any CPU
		{AA480044-90C6-4158-A8AB-354C99898DF0}.Debug|x86.Build.0 = Debug|Any CPU
		{AA480044-90C6-4158-A8AB-354C99898DF0}.Release|Any CPU.ActiveCfg = Release|Any CPU
		{AA480044-90C6-4158-A8AB-354C99898DF0}.Release|Any CPU.Build.0 = Release|Any CPU
		{AA480044-90C6-4158-A8AB-354C99898DF0}.Release|x64.ActiveCfg = Release|Any CPU
		{AA480044-90C6-4158-A8AB-354C99898DF0}.Release|x64.Build.0 = Release|Any CPU
		{AA480044-90C6-4158-A8AB-354C99898DF0}.Release|x86.ActiveCfg = Release|Any CPU
		{AA480044-90C6-4158-A8AB-354C99898DF0}.Release|x86.Build.0 = Release|Any CPU
		{6B7C8D8E-8846-4FF2-80D1-3E4828CA9E48}.Debug|Any CPU.ActiveCfg = Debug|Any CPU
		{6B7C8D8E-8846-4FF2-80D1-3E4828CA9E48}.Debug|Any CPU.Build.0 = Debug|Any CPU
		{6B7C8D8E-8846-4FF2-80D1-3E4828CA9E48}.Debug|x64.ActiveCfg = Debug|Any CPU
		{6B7C8D8E-8846-4FF2-80D1-3E4828CA9E48}.Debug|x64.Build.0 = Debug|Any CPU
		{6B7C8D8E-8846-4FF2-80D1-3E4828CA9E48}.Debug|x86.ActiveCfg = Debug|Any CPU
		{6B7C8D8E-8846-4FF2-80D1-3E4828CA9E48}.Debug|x86.Build.0 = Debug|Any CPU
		{6B7C8D8E-8846-4FF2-80D1-3E4828CA9E48}.Release|Any CPU.ActiveCfg = Release|Any CPU
		{6B7C8D8E-8846-4FF2-80D1-3E4828CA9E48}.Release|Any CPU.Build.0 = Release|Any CPU
		{6B7C8D8E-8846-4FF2-80D1-3E4828CA9E48}.Release|x64.ActiveCfg = Release|Any CPU
		{6B7C8D8E-8846-4FF2-80D1-3E4828CA9E48}.Release|x64.Build.0 = Release|Any CPU
		{6B7C8D8E-8846-4FF2-80D1-3E4828CA9E48}.Release|x86.ActiveCfg = Release|Any CPU
		{6B7C8D8E-8846-4FF2-80D1-3E4828CA9E48}.Release|x86.Build.0 = Release|Any CPU
		{E18B1393-FE38-4596-BD42-83DE50D0AD34}.Debug|Any CPU.ActiveCfg = Debug|Any CPU
		{E18B1393-FE38-4596-BD42-83DE50D0AD34}.Debug|Any CPU.Build.0 = Debug|Any CPU
		{E18B1393-FE38-4596-BD42-83DE50D0AD34}.Debug|x64.ActiveCfg = Debug|Any CPU
		{E18B1393-FE38-4596-BD42-83DE50D0AD34}.Debug|x64.Build.0 = Debug|Any CPU
		{E18B1393-FE38-4596-BD42-83DE50D0AD34}.Debug|x86.ActiveCfg = Debug|Any CPU
		{E18B1393-FE38-4596-BD42-83DE50D0AD34}.Debug|x86.Build.0 = Debug|Any CPU
		{E18B1393-FE38-4596-BD42-83DE50D0AD34}.Release|Any CPU.ActiveCfg = Release|Any CPU
		{E18B1393-FE38-4596-BD42-83DE50D0AD34}.Release|Any CPU.Build.0 = Release|Any CPU
		{E18B1393-FE38-4596-BD42-83DE50D0AD34}.Release|x64.ActiveCfg = Release|Any CPU
		{E18B1393-FE38-4596-BD42-83DE50D0AD34}.Release|x64.Build.0 = Release|Any CPU
		{E18B1393-FE38-4596-BD42-83DE50D0AD34}.Release|x86.ActiveCfg = Release|Any CPU
		{E18B1393-FE38-4596-BD42-83DE50D0AD34}.Release|x86.Build.0 = Release|Any CPU
		{7BD2E93B-465D-4CF8-8121-346EBBBA0C24}.Debug|Any CPU.ActiveCfg = Debug|Any CPU
		{7BD2E93B-465D-4CF8-8121-346EBBBA0C24}.Debug|Any CPU.Build.0 = Debug|Any CPU
		{7BD2E93B-465D-4CF8-8121-346EBBBA0C24}.Debug|x64.ActiveCfg = Debug|Any CPU
		{7BD2E93B-465D-4CF8-8121-346EBBBA0C24}.Debug|x64.Build.0 = Debug|Any CPU
		{7BD2E93B-465D-4CF8-8121-346EBBBA0C24}.Debug|x86.ActiveCfg = Debug|Any CPU
		{7BD2E93B-465D-4CF8-8121-346EBBBA0C24}.Debug|x86.Build.0 = Debug|Any CPU
		{7BD2E93B-465D-4CF8-8121-346EBBBA0C24}.Release|Any CPU.ActiveCfg = Release|Any CPU
		{7BD2E93B-465D-4CF8-8121-346EBBBA0C24}.Release|Any CPU.Build.0 = Release|Any CPU
		{7BD2E93B-465D-4CF8-8121-346EBBBA0C24}.Release|x64.ActiveCfg = Release|Any CPU
		{7BD2E93B-465D-4CF8-8121-346EBBBA0C24}.Release|x64.Build.0 = Release|Any CPU
		{7BD2E93B-465D-4CF8-8121-346EBBBA0C24}.Release|x86.ActiveCfg = Release|Any CPU
		{7BD2E93B-465D-4CF8-8121-346EBBBA0C24}.Release|x86.Build.0 = Release|Any CPU
		{E832C40E-467B-2D75-B87A-1A5522E69602}.Debug|Any CPU.ActiveCfg = Debug|Any CPU
		{E832C40E-467B-2D75-B87A-1A5522E69602}.Debug|Any CPU.Build.0 = Debug|Any CPU
		{E832C40E-467B-2D75-B87A-1A5522E69602}.Debug|x64.ActiveCfg = Debug|Any CPU
		{E832C40E-467B-2D75-B87A-1A5522E69602}.Debug|x64.Build.0 = Debug|Any CPU
		{E832C40E-467B-2D75-B87A-1A5522E69602}.Debug|x86.ActiveCfg = Debug|Any CPU
		{E832C40E-467B-2D75-B87A-1A5522E69602}.Debug|x86.Build.0 = Debug|Any CPU
		{E832C40E-467B-2D75-B87A-1A5522E69602}.Release|Any CPU.ActiveCfg = Release|Any CPU
		{E832C40E-467B-2D75-B87A-1A5522E69602}.Release|Any CPU.Build.0 = Release|Any CPU
		{E832C40E-467B-2D75-B87A-1A5522E69602}.Release|x64.ActiveCfg = Release|Any CPU
		{E832C40E-467B-2D75-B87A-1A5522E69602}.Release|x64.Build.0 = Release|Any CPU
		{E832C40E-467B-2D75-B87A-1A5522E69602}.Release|x86.ActiveCfg = Release|Any CPU
		{E832C40E-467B-2D75-B87A-1A5522E69602}.Release|x86.Build.0 = Release|Any CPU
	EndGlobalSection
	GlobalSection(SolutionProperties) = preSolution
		HideSolutionNode = FALSE
	EndGlobalSection
	GlobalSection(NestedProjects) = preSolution
		{64615F74-D3EA-42E7-9EC6-1CCD9C136B5A} = {0AB3BF05-4346-4AA6-1389-037BE0695223}
		{AA480044-90C6-4158-A8AB-354C99898DF0} = {0AB3BF05-4346-4AA6-1389-037BE0695223}
		{6B7C8D8E-8846-4FF2-80D1-3E4828CA9E48} = {0AB3BF05-4346-4AA6-1389-037BE0695223}
		{E18B1393-FE38-4596-BD42-83DE50D0AD34} = {0AB3BF05-4346-4AA6-1389-037BE0695223}
		{7BD2E93B-465D-4CF8-8121-346EBBBA0C24} = {0AB3BF05-4346-4AA6-1389-037BE0695223}
	EndGlobalSection
	GlobalSection(ExtensibilityGlobals) = postSolution
		SolutionGuid = {191E6A27-5600-4029-BD3F-3B683D295930}
	EndGlobalSection
EndGlobal
